PODS:
  - ActionSheetPicker-3.0 (1.6.2)
  - BFPaperButton (2.0.17):
    - UIColor+BFPaperColors
  - DateTools (1.5.0)
  - JTCalendar (1.2.3)
  - MBProgressHUD (0.9.1)
  - ObjectiveSugar (1.1.0)
  - pop (1.0.7)
  - PullToRefreshCoreText (0.2)
  - RATreeView (1.0.2)
  - Realm (0.97.0):
    - Realm/Headers (= 0.97.0)
  - Realm/Headers (0.97.0)
  - SCLAlertView-Objective-C (0.7.1)
  - UIColor+BFPaperColors (1.7.1)
  - UIColor+FlatColors (0.0.2)
  - VBFPopFlatButton (0.0.6):
    - pop

DEPENDENCIES:
  - ActionSheetPicker-3.0
  - BFPaperButton (~> 2.0.17)
  - DateTools
  - JTCalendar (~> 1.1)
  - MBProgressHUD
  - ObjectiveSugar
  - pop (~> 1.0.6)
  - PullToRefreshCoreText (~> 0.2)
  - RATreeView (~> 1.0.2)
  - Realm
  - SCLAlertView-Objective-C
  - UIColor+FlatColors (~> 0.0.2)
  - VBFPopFlatButton

SPEC CHECKSUMS:
  ActionSheetPicker-3.0: cc9f90ae785070623e9b972270013c3242190fb0
  BFPaperButton: e00250c55dff6cc29d236231f8dd6a91f0f21862
  DateTools: b93a2c2017747329c6077c7d7e8a75106e23d0d7
  JTCalendar: 246ea3e338fb97624846ec77cdcde448242c4d5c
  MBProgressHUD: c47f2c166c126cf2ce36498d80f33e754d4e93ad
  ObjectiveSugar: a6a25f23d657c19df0a0b972466d5b5ca9f5295c
  pop: 628ffc631644601567ee8bfaaaea493ebd7d0923
  PullToRefreshCoreText: c843e71fc5ae5b033c0281067368905efd05c7b2
  RATreeView: 453b8203163c415f4c43da1e20addcf1b2379e06
  Realm: b498a6fb9d288b171ff98d0e2d4384c295be8990
  SCLAlertView-Objective-C: 19edce0d6f9de55316d8b9fe49a9953173a457f7
  UIColor+BFPaperColors: b1efa4320e2f56c4b14f73232faf967ba0e5b4a2
  UIColor+FlatColors: 6c699df7a575281794c688c64cee6c44fd1f93b4
  VBFPopFlatButton: 782344da63f104c279a857d806e065117a7e1196

COCOAPODS: 0.39.0
